
Microsoft Visual Studio Solution File, Format Version 12.00
# Visual Studio Version 17
VisualStudioVersion = 17.11.35327.3
MinimumVisualStudioVersion = 10.0.40219.1
Project("{FAE04EC0-301F-11D3-BF4B-00C04F79EFBC}") = "YouTubeApi", "YouTubeApi\YouTubeApi.csproj", "{E39B16AC-349E-4750-A947-D936FB8048AF}"
EndProject
Global
	GlobalSection(SolutionConfigurationPlatforms) = preSolution
		Debug|Any CPU = Debug|Any CPU
		Release|Any CPU = Release|Any CPU
	EndGlobalSection
	GlobalSection(ProjectConfigurationPlatforms) = postSolution
		{E39B16AC-349E-4750-A947-D936FB8048AF}.Debug|Any CPU.ActiveCfg = Debug|Any CPU
		{E39B16AC-349E-4750-A947-D936FB8048AF}.Debug|Any CPU.Build.0 = Debug|Any CPU
		{E39B16AC-349E-4750-A947-D936FB8048AF}.Release|Any CPU.ActiveCfg = Release|Any CPU
		{E39B16AC-349E-4750-A947-D936FB8048AF}.Release|Any CPU.Build.0 = Release|Any CPU
	EndGlobalSection
	GlobalSection(SolutionProperties) = preSolution
		HideSolutionNode = FALSE
	EndGlobalSection
	GlobalSection(ExtensibilityGlobals) = postSolution
		SolutionGuid = {9F9A549B-2967-4D5A-B993-73F0C6628418}
	EndGlobalSection
EndGlobal
